github.com/docopt/docopt-go v0.0.0-20180111231733-ee0de3bc6815 h1:bWDMxwH3px2JBh6AyO7hdCn/PkvCZXii8TGj7sbtEbQ=
github.com/docopt/docopt-go v0.0.0-20180111231733-ee0de3bc6815/go.mod h1:WwZ+bS3ebgob9U8Nd0kOddGdZWjyMGR8Wziv+TBNwSE=
github.com/koron/go-dproxy v1.3.0 h1:wE0gxsw1NJnbkk5czp3/xUtwgTeLP8p/YaSjdUOmI7k=
github.com/koron/go-dproxy v1.3.0/go.mod h1:M+lZRjGA7zf1CdgBWoL8HH1lKb6jlgR4qnX3hxRdQHs=
